<?xml version="1.0" encoding="utf-8"?>
<Project ToolsVersion="4.0" xmlns="http://schemas.microsoft.com/developer/msbuild/2003">
  <ItemGroup>
    <None Include="..\..\Resources\AudioEngine.lua" />
    <None Include="..\..\Resources\CCBReaderLoad.lua" />
    <None Include="..\..\Resources\Cocos2dConstants.lua" />
    <None Include="..\..\Resources\Deprecated.lua" />
    <None Include="..\..\Resources\DrawPrimitives.lua" />
    <None Include="..\..\Resources\Opengl.lua" />
    <None Include="..\..\Resources\OpenglConstants.lua" />
    <None Include="..\..\Resources\Script\Config\DebugConfig.lua">
      <Filter>Script\Config</Filter>
    </None>
    <None Include="..\..\Resources\Script\main.lua">
      <Filter>Script</Filter>
    </None>
    <None Include="..\..\Resources\Script\Scene\MainMenuScene.lua">
      <Filter>Script\Scene</Filter>
    </None>
    <None Include="..\..\Resources\Script\Scene\GameScene.lua">
      <Filter>Script\Scene</Filter>
    </None>
  </ItemGroup>
  <ItemGroup>
    <Filter Include="Script">
      <UniqueIdentifier>{73a6b974-c04a-487a-8f30-3a2b6128fbe0}</UniqueIdentifier>
    </Filter>
    <Filter Include="Script\Config">
      <UniqueIdentifier>{2eed098a-e5a8-44a5-97b8-cb2e12ee238e}</UniqueIdentifier>
    </Filter>
    <Filter Include="Script\Scene">
      <UniqueIdentifier>{e88e2eee-0e00-45a6-abe0-df3ee1bf9f79}</UniqueIdentifier>
    </Filter>
  </ItemGroup>
</Project>